
Microsoft Visual Studio Solution File, Format Version 12.00
# Visual Studio Version 16
VisualStudioVersion = 16.0.29806.167
MinimumVisualStudioVersion = 10.0.40219.1
Project("{FAE04EC0-301F-11D3-BF4B-00C04F79EFBC}") = "Crawler", "Crawler\Crawler.csproj", "{CCA6A334-EA2E-4A15-A934-712F9254CAAD}"
EndProject
Project("{2150E333-8FDC-42A3-9474-1A3956D46DE8}") = "Solution Items", "Solution Items", "{B7853B53-1AF4-427A-B79C-442BA10A5577}"
	ProjectSection(SolutionItems) = preProject
		.editorconfig = .editorconfig
	EndProjectSection
EndProject
Project("{FAE04EC0-301F-11D3-BF4B-00C04F79EFBC}") = "CrawlerUnitTests", "CrawlerUnitTests\CrawlerUnitTests.csproj", "{F6E599F5-7899-406E-A81A-D25C57EB8F1D}"
EndProject
Project("{54435603-DBB4-11D2-8724-00A0C9A8B90C}") = "CrawlerSetup", "CrawlerSetup\CrawlerSetup.vdproj", "{556562EA-69B8-4DB4-AA0E-983689EDA888}"
EndProject
Global
	GlobalSection(SolutionConfigurationPlatforms) = preSolution
		Debug|Any CPU = Debug|Any CPU
		Release|Any CPU = Release|Any CPU
	EndGlobalSection
	GlobalSection(ProjectConfigurationPlatforms) = postSolution
		{CCA6A334-EA2E-4A15-A934-712F9254CAAD}.Debug|Any CPU.ActiveCfg = Debug|Any CPU
		{CCA6A334-EA2E-4A15-A934-712F9254CAAD}.Debug|Any CPU.Build.0 = Debug|Any CPU
		{CCA6A334-EA2E-4A15-A934-712F9254CAAD}.Release|Any CPU.ActiveCfg = Release|Any CPU
		{CCA6A334-EA2E-4A15-A934-712F9254CAAD}.Release|Any CPU.Build.0 = Release|Any CPU
		{F6E599F5-7899-406E-A81A-D25C57EB8F1D}.Debug|Any CPU.ActiveCfg = Debug|Any CPU
		{F6E599F5-7899-406E-A81A-D25C57EB8F1D}.Debug|Any CPU.Build.0 = Debug|Any CPU
		{F6E599F5-7899-406E-A81A-D25C57EB8F1D}.Release|Any CPU.ActiveCfg = Release|Any CPU
		{F6E599F5-7899-406E-A81A-D25C57EB8F1D}.Release|Any CPU.Build.0 = Release|Any CPU
		{556562EA-69B8-4DB4-AA0E-983689EDA888}.Debug|Any CPU.ActiveCfg = Debug
		{556562EA-69B8-4DB4-AA0E-983689EDA888}.Release|Any CPU.ActiveCfg = Release
	EndGlobalSection
	GlobalSection(SolutionProperties) = preSolution
		HideSolutionNode = FALSE
	EndGlobalSection
	GlobalSection(ExtensibilityGlobals) = postSolution
		SolutionGuid = {10D7A0F1-6FCD-4FAB-9CA4-E36B1E7F735F}
	EndGlobalSection
EndGlobal
